
Microsoft Visual Studio Solution File, Format Version 12.00
# Visual Studio Version 16
VisualStudioVersion = 16.0.29215.179
MinimumVisualStudioVersion = 10.0.40219.1
Project("{FAE04EC0-301F-11D3-BF4B-00C04F79EFBC}") = "fondo_de_colores", "fondo_de_colores.csproj", "{B65CF506-A5B4-4E7E-A837-17F385AB6AF7}"
EndProject
Global
	GlobalSection(SolutionConfigurationPlatforms) = preSolution
		Debug|Any CPU = Debug|Any CPU
		Release|Any CPU = Release|Any CPU
	EndGlobalSection
	GlobalSection(ProjectConfigurationPlatforms) = postSolution
		{B65CF506-A5B4-4E7E-A837-17F385AB6AF7}.Debug|Any CPU.ActiveCfg = Debug|Any CPU
		{B65CF506-A5B4-4E7E-A837-17F385AB6AF7}.Debug|Any CPU.Build.0 = Debug|Any CPU
		{B65CF506-A5B4-4E7E-A837-17F385AB6AF7}.Release|Any CPU.ActiveCfg = Release|Any CPU
		{B65CF506-A5B4-4E7E-A837-17F385AB6AF7}.Release|Any CPU.Build.0 = Release|Any CPU
	EndGlobalSection
	GlobalSection(SolutionProperties) = preSolution
		HideSolutionNode = FALSE
	EndGlobalSection
	GlobalSection(ExtensibilityGlobals) = postSolution
		SolutionGuid = {43722855-980C-40E8-AC95-6E30DC30C7D4}
	EndGlobalSection
EndGlobal
